
Microsoft Visual Studio Solution File, Format Version 12.00
# Visual Studio Version 17
VisualStudioVersion = 17.0.32126.317
MinimumVisualStudioVersion = 10.0.40219.1
Project("{FAE04EC0-301F-11D3-BF4B-00C04F79EFBC}") = "C Sharp", "C Sharp.csproj", "{342EC0D2-A3CD-4145-88C6-E17991C2C70A}"
EndProject
Global
	GlobalSection(SolutionConfigurationPlatforms) = preSolution
		Debug|Any CPU = Debug|Any CPU
		Release|Any CPU = Release|Any CPU
	EndGlobalSection
	GlobalSection(ProjectConfigurationPlatforms) = postSolution
		{342EC0D2-A3CD-4145-88C6-E17991C2C70A}.Debug|Any CPU.ActiveCfg = Debug|Any CPU
		{342EC0D2-A3CD-4145-88C6-E17991C2C70A}.Debug|Any CPU.Build.0 = Debug|Any CPU
		{342EC0D2-A3CD-4145-88C6-E17991C2C70A}.Release|Any CPU.ActiveCfg = Release|Any CPU
		{342EC0D2-A3CD-4145-88C6-E17991C2C70A}.Release|Any CPU.Build.0 = Release|Any CPU
	EndGlobalSection
	GlobalSection(SolutionProperties) = preSolution
		HideSolutionNode = FALSE
	EndGlobalSection
	GlobalSection(ExtensibilityGlobals) = postSolution
		SolutionGuid = {A1EA84D7-349D-4932-AC9C-BFCE5E14078A}
	EndGlobalSection
EndGlobal
